
Microsoft Visual Studio Solution File, Format Version 12.00
# Visual Studio 2015
Project("{FAE04EC0-301F-11D3-BF4B-00C04F79EFBC}") = "CarpenterApp.CSharp", "CarpenterApp.CSharp.csproj", "{E2D34F9A-17CB-8BB7-B547-38B35BFD8244}"
EndProject
Global
	GlobalSection(SolutionConfigurationPlatforms) = preSolution
		Debug|Any CPU = Debug|Any CPU
		Release|Any CPU = Release|Any CPU
	EndGlobalSection
	GlobalSection(ProjectConfigurationPlatforms) = postSolution
		{E2D34F9A-17CB-8BB7-B547-38B35BFD8244}.Debug|Any CPU.ActiveCfg = Debug|Any CPU
		{E2D34F9A-17CB-8BB7-B547-38B35BFD8244}.Debug|Any CPU.Build.0 = Debug|Any CPU
		{E2D34F9A-17CB-8BB7-B547-38B35BFD8244}.Release|Any CPU.ActiveCfg = Release|Any CPU
		{E2D34F9A-17CB-8BB7-B547-38B35BFD8244}.Release|Any CPU.Build.0 = Release|Any CPU
	EndGlobalSection
	GlobalSection(SolutionProperties) = preSolution
		HideSolutionNode = FALSE
	EndGlobalSection
EndGlobal
