
Microsoft Visual Studio Solution File, Format Version 12.00
# Visual Studio 2015
Project("{FAE04EC0-301F-11D3-BF4B-00C04F79EFBC}") = "Kalkulator.CSharp", "Kalkulator.CSharp.csproj", "{473D15DE-934F-0B9F-4FB1-31A623A6E200}"
EndProject
Global
	GlobalSection(SolutionConfigurationPlatforms) = preSolution
		Debug|Any CPU = Debug|Any CPU
		Release|Any CPU = Release|Any CPU
	EndGlobalSection
	GlobalSection(ProjectConfigurationPlatforms) = postSolution
		{473D15DE-934F-0B9F-4FB1-31A623A6E200}.Debug|Any CPU.ActiveCfg = Debug|Any CPU
		{473D15DE-934F-0B9F-4FB1-31A623A6E200}.Debug|Any CPU.Build.0 = Debug|Any CPU
		{473D15DE-934F-0B9F-4FB1-31A623A6E200}.Release|Any CPU.ActiveCfg = Release|Any CPU
		{473D15DE-934F-0B9F-4FB1-31A623A6E200}.Release|Any CPU.Build.0 = Release|Any CPU
	EndGlobalSection
	GlobalSection(SolutionProperties) = preSolution
		HideSolutionNode = FALSE
	EndGlobalSection
EndGlobal
